
Microsoft Visual Studio Solution File, Format Version 12.00
Project("{FAE04EC0-301F-11D3-BF4B-00C04F79EFBC}") = "DSGUI", "DSGUI.csproj", "{A654330E-5D46-42EA-A59F-F26FD522EF89}"
EndProject
Project("{911E67C6-3D85-4FCE-B560-20A9C3E3FF48}") = "RimWorldWin64", "..\..\..\..\RimWorldWin64.exe", "{5E1A9F4D-6041-4E2E-AC3D-7B6C06BF47C8}"
	ProjectSection(DebuggerProjectSystem) = preProject
		PortSupplier = 00000000-0000-0000-0000-000000000000
		Executable = G:\SteamLibrary\steamapps\common\RimWorld\RimWorldWin64.exe
		RemoteMachine = DESKTOP-BEAST
		StartingDirectory = G:\SteamLibrary\steamapps\common\RimWorld
		Environment = dnspy_unity_dbg2=--debugger-agent=transport=dt_socket,server=y,address=127.0.0.1:56000,suspend=y,no-hide-debugger	
		LaunchingEngine = 00000000-0000-0000-0000-000000000000
		UseLegacyDebugEngines = No
		LaunchSQLEngine = No
		AttachLaunchAction = No
	EndProjectSection
EndProject
Global
	GlobalSection(SolutionConfigurationPlatforms) = preSolution
		Debug|Any CPU = Debug|Any CPU
		Release|Any CPU = Release|Any CPU
	EndGlobalSection
	GlobalSection(ProjectConfigurationPlatforms) = postSolution
		{A654330E-5D46-42EA-A59F-F26FD522EF89}.Debug|Any CPU.ActiveCfg = Debug|Any CPU
		{A654330E-5D46-42EA-A59F-F26FD522EF89}.Debug|Any CPU.Build.0 = Debug|Any CPU
		{A654330E-5D46-42EA-A59F-F26FD522EF89}.Release|Any CPU.ActiveCfg = Release|Any CPU
		{A654330E-5D46-42EA-A59F-F26FD522EF89}.Release|Any CPU.Build.0 = Release|Any CPU
	EndGlobalSection
EndGlobal
